
Microsoft Visual Studio Solution File, Format Version 12.00
# Visual Studio Version 17
VisualStudioVersion = 17.5.002.0
MinimumVisualStudioVersion = 10.0.40219.1
Project("{9A19103F-16F7-4668-BE54-9A1E7A4F7556}") = "21st-Aug-2024-Chpt6-Q.9", "21st-Aug-2024-Chpt6-Q.9\21st-Aug-2024-Chpt6-Q.9.csproj", "{AFF4E89E-AC5C-4BA4-9EA4-33B053F96304}"
EndProject
Project("{9A19103F-16F7-4668-BE54-9A1E7A4F7556}") = "Revision", "Revision\Revision.csproj", "{5A9F956E-9024-447E-B72B-5E05614E1842}"
EndProject
Global
	GlobalSection(SolutionConfigurationPlatforms) = preSolution
		Debug|Any CPU = Debug|Any CPU
		Release|Any CPU = Release|Any CPU
	EndGlobalSection
	GlobalSection(ProjectConfigurationPlatforms) = postSolution
		{AFF4E89E-AC5C-4BA4-9EA4-33B053F96304}.Debug|Any CPU.ActiveCfg = Debug|Any CPU
		{AFF4E89E-AC5C-4BA4-9EA4-33B053F96304}.Debug|Any CPU.Build.0 = Debug|Any CPU
		{AFF4E89E-AC5C-4BA4-9EA4-33B053F96304}.Release|Any CPU.ActiveCfg = Release|Any CPU
		{AFF4E89E-AC5C-4BA4-9EA4-33B053F96304}.Release|Any CPU.Build.0 = Release|Any CPU
		{5A9F956E-9024-447E-B72B-5E05614E1842}.Debug|Any CPU.ActiveCfg = Debug|Any CPU
		{5A9F956E-9024-447E-B72B-5E05614E1842}.Debug|Any CPU.Build.0 = Debug|Any CPU
		{5A9F956E-9024-447E-B72B-5E05614E1842}.Release|Any CPU.ActiveCfg = Release|Any CPU
		{5A9F956E-9024-447E-B72B-5E05614E1842}.Release|Any CPU.Build.0 = Release|Any CPU
	EndGlobalSection
	GlobalSection(SolutionProperties) = preSolution
		HideSolutionNode = FALSE
	EndGlobalSection
	GlobalSection(ExtensibilityGlobals) = postSolution
		SolutionGuid = {9755D81B-8949-4C7E-A5C2-364F920E3FAE}
	EndGlobalSection
EndGlobal
